
Microsoft Visual Studio Solution File, Format Version 12.00
# Visual Studio 14
VisualStudioVersion = 14.0.24720.0
MinimumVisualStudioVersion = 10.0.40219.1
Project("{FAE04EC0-301F-11D3-BF4B-00C04F79EFBC}") = "FizzBuzz", "FizzBuzz\FizzBuzz.csproj", "{A37CEEB7-4A43-4A72-B4FE-2FE55F1012DD}"
EndProject
Project("{FAE04EC0-301F-11D3-BF4B-00C04F79EFBC}") = "FizzTest", "FizzTest\FizzTest.csproj", "{D7EE5DF2-CC24-4BE7-91EF-E05AAE20B617}"
EndProject
Project("{FAE04EC0-301F-11D3-BF4B-00C04F79EFBC}") = "ConsoleFizz", "ConsoleFizz\ConsoleFizz.csproj", "{8BAC8B03-37B9-4459-A99F-8FE59994F4DB}"
EndProject
Global
	GlobalSection(SolutionConfigurationPlatforms) = preSolution
		Debug|Any CPU = Debug|Any CPU
		Release|Any CPU = Release|Any CPU
	EndGlobalSection
	GlobalSection(ProjectConfigurationPlatforms) = postSolution
		{A37CEEB7-4A43-4A72-B4FE-2FE55F1012DD}.Debug|Any CPU.ActiveCfg = Debug|Any CPU
		{A37CEEB7-4A43-4A72-B4FE-2FE55F1012DD}.Debug|Any CPU.Build.0 = Debug|Any CPU
		{A37CEEB7-4A43-4A72-B4FE-2FE55F1012DD}.Release|Any CPU.ActiveCfg = Release|Any CPU
		{A37CEEB7-4A43-4A72-B4FE-2FE55F1012DD}.Release|Any CPU.Build.0 = Release|Any CPU
		{D7EE5DF2-CC24-4BE7-91EF-E05AAE20B617}.Debug|Any CPU.ActiveCfg = Debug|Any CPU
		{D7EE5DF2-CC24-4BE7-91EF-E05AAE20B617}.Debug|Any CPU.Build.0 = Debug|Any CPU
		{D7EE5DF2-CC24-4BE7-91EF-E05AAE20B617}.Release|Any CPU.ActiveCfg = Release|Any CPU
		{D7EE5DF2-CC24-4BE7-91EF-E05AAE20B617}.Release|Any CPU.Build.0 = Release|Any CPU
		{8BAC8B03-37B9-4459-A99F-8FE59994F4DB}.Debug|Any CPU.ActiveCfg = Debug|Any CPU
		{8BAC8B03-37B9-4459-A99F-8FE59994F4DB}.Debug|Any CPU.Build.0 = Debug|Any CPU
		{8BAC8B03-37B9-4459-A99F-8FE59994F4DB}.Release|Any CPU.ActiveCfg = Release|Any CPU
		{8BAC8B03-37B9-4459-A99F-8FE59994F4DB}.Release|Any CPU.Build.0 = Release|Any CPU
	EndGlobalSection
	GlobalSection(SolutionProperties) = preSolution
		HideSolutionNode = FALSE
	EndGlobalSection
EndGlobal
